
Microsoft Visual Studio Solution File, Format Version 12.00
# Visual Studio Version 16
VisualStudioVersion = 16.0.29613.14
MinimumVisualStudioVersion = 10.0.40219.1
Project("{FAE04EC0-301F-11D3-BF4B-00C04F79EFBC}") = "Exercise1", "Exercise1\Exercise1.csproj", "{8B502E7B-B1BB-4231-8A74-9B6AC80650D1}"
EndProject
Global
	GlobalSection(SolutionConfigurationPlatforms) = preSolution
		Debug|Any CPU = Debug|Any CPU
		Release|Any CPU = Release|Any CPU
	EndGlobalSection
	GlobalSection(ProjectConfigurationPlatforms) = postSolution
		{8B502E7B-B1BB-4231-8A74-9B6AC80650D1}.Debug|Any CPU.ActiveCfg = Debug|Any CPU
		{8B502E7B-B1BB-4231-8A74-9B6AC80650D1}.Debug|Any CPU.Build.0 = Debug|Any CPU
		{8B502E7B-B1BB-4231-8A74-9B6AC80650D1}.Release|Any CPU.ActiveCfg = Release|Any CPU
		{8B502E7B-B1BB-4231-8A74-9B6AC80650D1}.Release|Any CPU.Build.0 = Release|Any CPU
	EndGlobalSection
	GlobalSection(SolutionProperties) = preSolution
		HideSolutionNode = FALSE
	EndGlobalSection
	GlobalSection(ExtensibilityGlobals) = postSolution
		SolutionGuid = {AF943BE1-1ABC-41AA-AC2B-0A5CEC7A9742}
	EndGlobalSection
EndGlobal
